
Microsoft Visual Studio Solution File, Format Version 12.00
# Visual Studio Version 16
VisualStudioVersion = 16.0.30804.86
MinimumVisualStudioVersion = 10.0.40219.1
Project("{F184B08F-C81C-45F6-A57F-5ABD9991F28F}") = "test(6-2)_20210105", "test(6-2)_20210105\test(6-2)_20210105.vbproj", "{57D2629E-008E-4390-8114-301D3589C7B4}"
EndProject
Global
	GlobalSection(SolutionConfigurationPlatforms) = preSolution
		Debug|Any CPU = Debug|Any CPU
		Release|Any CPU = Release|Any CPU
	EndGlobalSection
	GlobalSection(ProjectConfigurationPlatforms) = postSolution
		{57D2629E-008E-4390-8114-301D3589C7B4}.Debug|Any CPU.ActiveCfg = Debug|Any CPU
		{57D2629E-008E-4390-8114-301D3589C7B4}.Debug|Any CPU.Build.0 = Debug|Any CPU
		{57D2629E-008E-4390-8114-301D3589C7B4}.Release|Any CPU.ActiveCfg = Release|Any CPU
		{57D2629E-008E-4390-8114-301D3589C7B4}.Release|Any CPU.Build.0 = Release|Any CPU
	EndGlobalSection
	GlobalSection(SolutionProperties) = preSolution
		HideSolutionNode = FALSE
	EndGlobalSection
	GlobalSection(ExtensibilityGlobals) = postSolution
		SolutionGuid = {F8E95A6C-7AFA-474D-8A0C-73F9A99BFCC4}
	EndGlobalSection
EndGlobal
