
Microsoft Visual Studio Solution File, Format Version 12.00
# Visual Studio Version 16
VisualStudioVersion = 16.0.30804.86
MinimumVisualStudioVersion = 10.0.40219.1
Project("{F184B08F-C81C-45F6-A57F-5ABD9991F28F}") = "test(5-1)_20201230", "test(5-1)_20201230\test(5-1)_20201230.vbproj", "{30814E95-04C5-42E6-ADBB-85F7CB88FD25}"
EndProject
Global
	GlobalSection(SolutionConfigurationPlatforms) = preSolution
		Debug|Any CPU = Debug|Any CPU
		Release|Any CPU = Release|Any CPU
	EndGlobalSection
	GlobalSection(ProjectConfigurationPlatforms) = postSolution
		{30814E95-04C5-42E6-ADBB-85F7CB88FD25}.Debug|Any CPU.ActiveCfg = Debug|Any CPU
		{30814E95-04C5-42E6-ADBB-85F7CB88FD25}.Debug|Any CPU.Build.0 = Debug|Any CPU
		{30814E95-04C5-42E6-ADBB-85F7CB88FD25}.Release|Any CPU.ActiveCfg = Release|Any CPU
		{30814E95-04C5-42E6-ADBB-85F7CB88FD25}.Release|Any CPU.Build.0 = Release|Any CPU
	EndGlobalSection
	GlobalSection(SolutionProperties) = preSolution
		HideSolutionNode = FALSE
	EndGlobalSection
	GlobalSection(ExtensibilityGlobals) = postSolution
		SolutionGuid = {F0490D1E-219F-46FD-BE13-D5BBFC53CC0A}
	EndGlobalSection
EndGlobal
